
Microsoft Visual Studio Solution File, Format Version 12.00
# Visual Studio Version 16
VisualStudioVersion = 16.0.29519.87
MinimumVisualStudioVersion = 10.0.40219.1
Project("{FAE04EC0-301F-11D3-BF4B-00C04F79EFBC}") = "gittestdemo", "gittestdemo\gittestdemo.csproj", "{318C749D-4EF6-4307-A4F1-2A0582437FAF}"
EndProject
Global
	GlobalSection(SolutionConfigurationPlatforms) = preSolution
		Debug|Any CPU = Debug|Any CPU
		Release|Any CPU = Release|Any CPU
	EndGlobalSection
	GlobalSection(ProjectConfigurationPlatforms) = postSolution
		{318C749D-4EF6-4307-A4F1-2A0582437FAF}.Debug|Any CPU.ActiveCfg = Debug|Any CPU
		{318C749D-4EF6-4307-A4F1-2A0582437FAF}.Debug|Any CPU.Build.0 = Debug|Any CPU
		{318C749D-4EF6-4307-A4F1-2A0582437FAF}.Release|Any CPU.ActiveCfg = Release|Any CPU
		{318C749D-4EF6-4307-A4F1-2A0582437FAF}.Release|Any CPU.Build.0 = Release|Any CPU
	EndGlobalSection
	GlobalSection(SolutionProperties) = preSolution
		HideSolutionNode = FALSE
	EndGlobalSection
	GlobalSection(ExtensibilityGlobals) = postSolution
		SolutionGuid = {A417318D-2D00-4BC0-A6C6-5D8DC08F274E}
	EndGlobalSection
EndGlobal
